
Microsoft Visual Studio Solution File, Format Version 12.00
# Visual Studio Version 17
VisualStudioVersion = 17.14.36414.22 d17.14
MinimumVisualStudioVersion = 10.0.40219.1
Project("{FAE04EC0-301F-11D3-BF4B-00C04F79EFBC}") = "CatsSelection&Priceadjustment", "CatsSelection&Priceadjustment\CatsSelection&Priceadjustment.csproj", "{6BCF7B4C-B6E5-4E2C-A5C5-F934061B3AB0}"
EndProject
Global
	GlobalSection(SolutionConfigurationPlatforms) = preSolution
		Debug|Any CPU = Debug|Any CPU
		Release|Any CPU = Release|Any CPU
	EndGlobalSection
	GlobalSection(ProjectConfigurationPlatforms) = postSolution
		{6BCF7B4C-B6E5-4E2C-A5C5-F934061B3AB0}.Debug|Any CPU.ActiveCfg = Debug|Any CPU
		{6BCF7B4C-B6E5-4E2C-A5C5-F934061B3AB0}.Debug|Any CPU.Build.0 = Debug|Any CPU
		{6BCF7B4C-B6E5-4E2C-A5C5-F934061B3AB0}.Release|Any CPU.ActiveCfg = Release|Any CPU
		{6BCF7B4C-B6E5-4E2C-A5C5-F934061B3AB0}.Release|Any CPU.Build.0 = Release|Any CPU
	EndGlobalSection
	GlobalSection(SolutionProperties) = preSolution
		HideSolutionNode = FALSE
	EndGlobalSection
	GlobalSection(ExtensibilityGlobals) = postSolution
		SolutionGuid = {E183C97B-3B6F-4C42-98CD-9059F3EF0A82}
	EndGlobalSection
EndGlobal
